
Microsoft Visual Studio Solution File, Format Version 12.00
# Visual Studio Version 17
VisualStudioVersion = 17.13.35825.156 d17.13
MinimumVisualStudioVersion = 10.0.40219.1
Project("{FAE04EC0-301F-11D3-BF4B-00C04F79EFBC}") = "calculadora", "calculadora.csproj", "{948C57D9-803E-4165-A8BA-4AFA6E1B4AE9}"
EndProject
Global
	GlobalSection(SolutionConfigurationPlatforms) = preSolution
		Debug|Any CPU = Debug|Any CPU
		Release|Any CPU = Release|Any CPU
	EndGlobalSection
	GlobalSection(ProjectConfigurationPlatforms) = postSolution
		{948C57D9-803E-4165-A8BA-4AFA6E1B4AE9}.Debug|Any CPU.ActiveCfg = Debug|Any CPU
		{948C57D9-803E-4165-A8BA-4AFA6E1B4AE9}.Debug|Any CPU.Build.0 = Debug|Any CPU
		{948C57D9-803E-4165-A8BA-4AFA6E1B4AE9}.Release|Any CPU.ActiveCfg = Release|Any CPU
		{948C57D9-803E-4165-A8BA-4AFA6E1B4AE9}.Release|Any CPU.Build.0 = Release|Any CPU
	EndGlobalSection
	GlobalSection(SolutionProperties) = preSolution
		HideSolutionNode = FALSE
	EndGlobalSection
	GlobalSection(ExtensibilityGlobals) = postSolution
		SolutionGuid = {DA696367-7C96-4C2B-9A10-8A211E7AB4C1}
	EndGlobalSection
EndGlobal
